
Microsoft Visual Studio Solution File, Format Version 12.00
# Visual Studio Version 16
VisualStudioVersion = 16.0.30204.135
MinimumVisualStudioVersion = 10.0.40219.1
Project("{FAE04EC0-301F-11D3-BF4B-00C04F79EFBC}") = "CuaHangTienLoi", "CuaHangTienLoi\CuaHangTienLoi.csproj", "{4BB06FD9-B67A-479F-A1F6-C53AF798578C}"
EndProject
Global
	GlobalSection(SolutionConfigurationPlatforms) = preSolution
		All|Any CPU = All|Any CPU
		Debug|Any CPU = Debug|Any CPU
		Release|Any CPU = Release|Any CPU
	EndGlobalSection
	GlobalSection(ProjectConfigurationPlatforms) = postSolution
		{4BB06FD9-B67A-479F-A1F6-C53AF798578C}.All|Any CPU.ActiveCfg = Release|Any CPU
		{4BB06FD9-B67A-479F-A1F6-C53AF798578C}.All|Any CPU.Build.0 = Release|Any CPU
		{4BB06FD9-B67A-479F-A1F6-C53AF798578C}.Debug|Any CPU.ActiveCfg = Debug|Any CPU
		{4BB06FD9-B67A-479F-A1F6-C53AF798578C}.Debug|Any CPU.Build.0 = Debug|Any CPU
		{4BB06FD9-B67A-479F-A1F6-C53AF798578C}.Release|Any CPU.ActiveCfg = Release|Any CPU
		{4BB06FD9-B67A-479F-A1F6-C53AF798578C}.Release|Any CPU.Build.0 = Release|Any CPU
	EndGlobalSection
	GlobalSection(SolutionProperties) = preSolution
		HideSolutionNode = FALSE
	EndGlobalSection
	GlobalSection(ExtensibilityGlobals) = postSolution
		SolutionGuid = {FD1CF15C-69D4-413E-B3D5-674E7944657F}
	EndGlobalSection
EndGlobal
